
Microsoft Visual Studio Solution File, Format Version 12.00
# Visual Studio Version 17
VisualStudioVersion = 17.4.33403.182
MinimumVisualStudioVersion = 10.0.40219.1
Project("{FAE04EC0-301F-11D3-BF4B-00C04F79EFBC}") = "OOP25", "OOP25\OOP25.csproj", "{92381B29-ED20-494E-B904-51F7FB5E36EE}"
EndProject
Global
	GlobalSection(SolutionConfigurationPlatforms) = preSolution
		Debug|Any CPU = Debug|Any CPU
		Release|Any CPU = Release|Any CPU
	EndGlobalSection
	GlobalSection(ProjectConfigurationPlatforms) = postSolution
		{92381B29-ED20-494E-B904-51F7FB5E36EE}.Debug|Any CPU.ActiveCfg = Debug|Any CPU
		{92381B29-ED20-494E-B904-51F7FB5E36EE}.Debug|Any CPU.Build.0 = Debug|Any CPU
		{92381B29-ED20-494E-B904-51F7FB5E36EE}.Release|Any CPU.ActiveCfg = Release|Any CPU
		{92381B29-ED20-494E-B904-51F7FB5E36EE}.Release|Any CPU.Build.0 = Release|Any CPU
	EndGlobalSection
	GlobalSection(SolutionProperties) = preSolution
		HideSolutionNode = FALSE
	EndGlobalSection
	GlobalSection(ExtensibilityGlobals) = postSolution
		SolutionGuid = {57983A02-B75A-49F0-BF4C-04F6D5C279FB}
	EndGlobalSection
EndGlobal
